
Microsoft Visual Studio Solution File, Format Version 12.00
# Visual Studio Version 16
VisualStudioVersion = 16.0.29806.167
MinimumVisualStudioVersion = 10.0.40219.1
Project("{8BC9CEB8-8B4A-11D0-8D11-00A0C91BC942}") = "task_1", "task_1.vcxproj", "{2789CBE5-9D75-4B42-B405-2BE39F0914B3}"
EndProject
Global
	GlobalSection(SolutionConfigurationPlatforms) = preSolution
		Debug|x64 = Debug|x64
		Debug|x86 = Debug|x86
		Release|x64 = Release|x64
		Release|x86 = Release|x86
	EndGlobalSection
	GlobalSection(ProjectConfigurationPlatforms) = postSolution
		{2789CBE5-9D75-4B42-B405-2BE39F0914B3}.Debug|x64.ActiveCfg = Debug|x64
		{2789CBE5-9D75-4B42-B405-2BE39F0914B3}.Debug|x64.Build.0 = Debug|x64
		{2789CBE5-9D75-4B42-B405-2BE39F0914B3}.Debug|x86.ActiveCfg = Debug|Win32
		{2789CBE5-9D75-4B42-B405-2BE39F0914B3}.Debug|x86.Build.0 = Debug|Win32
		{2789CBE5-9D75-4B42-B405-2BE39F0914B3}.Release|x64.ActiveCfg = Release|x64
		{2789CBE5-9D75-4B42-B405-2BE39F0914B3}.Release|x64.Build.0 = Release|x64
		{2789CBE5-9D75-4B42-B405-2BE39F0914B3}.Release|x86.ActiveCfg = Release|Win32
		{2789CBE5-9D75-4B42-B405-2BE39F0914B3}.Release|x86.Build.0 = Release|Win32
	EndGlobalSection
	GlobalSection(SolutionProperties) = preSolution
		HideSolutionNode = FALSE
	EndGlobalSection
	GlobalSection(ExtensibilityGlobals) = postSolution
		SolutionGuid = {F8874A66-8718-41BE-9EF4-D0F6344E71EB}
	EndGlobalSection
EndGlobal
